
Microsoft Visual Studio Solution File, Format Version 12.00
# Visual Studio Version 17
VisualStudioVersion = 17.14.36429.23
MinimumVisualStudioVersion = 10.0.40219.1
Project("{FAE04EC0-301F-11D3-BF4B-00C04F79EFBC}") = "FirstApp", "FirstApp\FirstApp.csproj", "{96A223FF-2E7D-47F8-AC84-025121233A12}"
EndProject
Project("{FAE04EC0-301F-11D3-BF4B-00C04F79EFBC}") = "App_2", "App_2\App_2.csproj", "{3E609A24-2526-41DD-A53B-3C53FDFD9780}"
EndProject
Project("{FAE04EC0-301F-11D3-BF4B-00C04F79EFBC}") = "App_3", "App_3\App_3.csproj", "{0DCB1B58-482A-4C0D-B417-58A41DAE141A}"
EndProject
Project("{FAE04EC0-301F-11D3-BF4B-00C04F79EFBC}") = "App_4", "App_4\App_4.csproj", "{E8F1A548-32F8-4955-BE2C-3A1ABA340400}"
EndProject
Project("{FAE04EC0-301F-11D3-BF4B-00C04F79EFBC}") = "App_5", "App_5\App_5.csproj", "{C10C9CB7-DB31-4FCE-8328-646BAB6C46E5}"
EndProject
Project("{FAE04EC0-301F-11D3-BF4B-00C04F79EFBC}") = "App_6", "App_6\App_6.csproj", "{507AEF58-9BA5-40EA-B1DD-595578E5150E}"
EndProject
Project("{FAE04EC0-301F-11D3-BF4B-00C04F79EFBC}") = "App_7", "App_7\App_7.csproj", "{84D999EA-728E-4E99-A911-23EE1A7A4A21}"
EndProject
Project("{FAE04EC0-301F-11D3-BF4B-00C04F79EFBC}") = "App_8", "App_8\App_8.csproj", "{B59C6CCB-5B4B-490B-B8A5-C62A9D02442E}"
EndProject
Global
	GlobalSection(SolutionConfigurationPlatforms) = preSolution
		Debug|Any CPU = Debug|Any CPU
		Release|Any CPU = Release|Any CPU
	EndGlobalSection
	GlobalSection(ProjectConfigurationPlatforms) = postSolution
		{96A223FF-2E7D-47F8-AC84-025121233A12}.Debug|Any CPU.ActiveCfg = Debug|Any CPU
		{96A223FF-2E7D-47F8-AC84-025121233A12}.Debug|Any CPU.Build.0 = Debug|Any CPU
		{96A223FF-2E7D-47F8-AC84-025121233A12}.Release|Any CPU.ActiveCfg = Release|Any CPU
		{96A223FF-2E7D-47F8-AC84-025121233A12}.Release|Any CPU.Build.0 = Release|Any CPU
		{3E609A24-2526-41DD-A53B-3C53FDFD9780}.Debug|Any CPU.ActiveCfg = Debug|Any CPU
		{3E609A24-2526-41DD-A53B-3C53FDFD9780}.Debug|Any CPU.Build.0 = Debug|Any CPU
		{3E609A24-2526-41DD-A53B-3C53FDFD9780}.Release|Any CPU.ActiveCfg = Release|Any CPU
		{3E609A24-2526-41DD-A53B-3C53FDFD9780}.Release|Any CPU.Build.0 = Release|Any CPU
		{0DCB1B58-482A-4C0D-B417-58A41DAE141A}.Debug|Any CPU.ActiveCfg = Debug|Any CPU
		{0DCB1B58-482A-4C0D-B417-58A41DAE141A}.Debug|Any CPU.Build.0 = Debug|Any CPU
		{0DCB1B58-482A-4C0D-B417-58A41DAE141A}.Release|Any CPU.ActiveCfg = Release|Any CPU
		{0DCB1B58-482A-4C0D-B417-58A41DAE141A}.Release|Any CPU.Build.0 = Release|Any CPU
		{E8F1A548-32F8-4955-BE2C-3A1ABA340400}.Debug|Any CPU.ActiveCfg = Debug|Any CPU
		{E8F1A548-32F8-4955-BE2C-3A1ABA340400}.Debug|Any CPU.Build.0 = Debug|Any CPU
		{E8F1A548-32F8-4955-BE2C-3A1ABA340400}.Release|Any CPU.ActiveCfg = Release|Any CPU
		{E8F1A548-32F8-4955-BE2C-3A1ABA340400}.Release|Any CPU.Build.0 = Release|Any CPU
		{C10C9CB7-DB31-4FCE-8328-646BAB6C46E5}.Debug|Any CPU.ActiveCfg = Debug|Any CPU
		{C10C9CB7-DB31-4FCE-8328-646BAB6C46E5}.Debug|Any CPU.Build.0 = Debug|Any CPU
		{C10C9CB7-DB31-4FCE-8328-646BAB6C46E5}.Release|Any CPU.ActiveCfg = Release|Any CPU
		{C10C9CB7-DB31-4FCE-8328-646BAB6C46E5}.Release|Any CPU.Build.0 = Release|Any CPU
		{507AEF58-9BA5-40EA-B1DD-595578E5150E}.Debug|Any CPU.ActiveCfg = Debug|Any CPU
		{507AEF58-9BA5-40EA-B1DD-595578E5150E}.Debug|Any CPU.Build.0 = Debug|Any CPU
		{507AEF58-9BA5-40EA-B1DD-595578E5150E}.Release|Any CPU.ActiveCfg = Release|Any CPU
		{507AEF58-9BA5-40EA-B1DD-595578E5150E}.Release|Any CPU.Build.0 = Release|Any CPU
		{84D999EA-728E-4E99-A911-23EE1A7A4A21}.Debug|Any CPU.ActiveCfg = Debug|Any CPU
		{84D999EA-728E-4E99-A911-23EE1A7A4A21}.Debug|Any CPU.Build.0 = Debug|Any CPU
		{84D999EA-728E-4E99-A911-23EE1A7A4A21}.Release|Any CPU.ActiveCfg = Release|Any CPU
		{84D999EA-728E-4E99-A911-23EE1A7A4A21}.Release|Any CPU.Build.0 = Release|Any CPU
		{B59C6CCB-5B4B-490B-B8A5-C62A9D02442E}.Debug|Any CPU.ActiveCfg = Debug|Any CPU
		{B59C6CCB-5B4B-490B-B8A5-C62A9D02442E}.Debug|Any CPU.Build.0 = Debug|Any CPU
		{B59C6CCB-5B4B-490B-B8A5-C62A9D02442E}.Release|Any CPU.ActiveCfg = Release|Any CPU
		{B59C6CCB-5B4B-490B-B8A5-C62A9D02442E}.Release|Any CPU.Build.0 = Release|Any CPU
	EndGlobalSection
	GlobalSection(SolutionProperties) = preSolution
		HideSolutionNode = FALSE
	EndGlobalSection
	GlobalSection(ExtensibilityGlobals) = postSolution
		SolutionGuid = {1A21718D-99CB-4556-8232-BAAC1780C9EA}
	EndGlobalSection
EndGlobal
